schema_version: 2
migration:
  prune_ack_required: false
requested_roots:
- id: workspace:https://github.com/cognovis/library#cognovis-base
  type: workspace
  name: cognovis-base
  scope: project
  catalog_identity: https://github.com/cognovis/library
  catalog_name: library-platform
  requested_ref: cognovis-base
  resolved_version: 0.1.0
  definition_commit: 123f450894be49563b59ce99f5e06410bdd63431
  catalogs:
  - identity: https://github.com/cognovis/library
    pin_kind: commit
    pin_value: 00c43f828ca3cce7d29e949f44bced59c7e5e121
  - identity: https://github.com/cognovis/library-core
    pin_kind: commit
    pin_value: 5aa05ca2f5a45d09c15fddb73c69201a477579ee
  roots:
  - skill:library
  - skill:cognovis-beads
  - skill:inject-standards
  - skill:ob-cli
receipts:
- name: library
  type: skill
  marketplace: local
  source: https://github.com/cognovis/library/blob/main/SKILL.md
  source_commit: 00c43f828ca3cce7d29e949f44bced59c7e5e121
  cache_path: /Users/malte/.local/share/library/skills/local/library@50d0eb0fe01146/
  install_target: .agents/skills/library/
  install_timestamp: '2026-08-14T07:20:42Z'
  checksum_sha256: b1b706e801350b8c1b10fe10aeab0e2ebf328fc70a5ebb499db173fd22ee7f12
  checksum_type: directory
  content_sha256: b1b706e801350b8c1b10fe10aeab0e2ebf328fc70a5ebb499db173fd22ee7f12
  install_mode: vendor
  license: unknown
  bridge_symlinks:
  - .claude/skills/library -> ../../.agents/skills/library
  scope: project
  catalog_identity: https://github.com/cognovis/library
  id: skill:library
  resolved_version: legacy
  verified: true
  adopted: false
  prune_blocked_reason: null
  targets:
  - path: .agents/skills/library
    kind: directory
  - path: .agents/skills/library/SKILL.md
    kind: file
    content_sha256: 90c35d0beb7fe0d909bc0c7b1d4712a86decfdfb864a00f38416a42c3652fc9e
  - path: .claude/skills/library
    kind: symlink
    link_target: ../../.agents/skills/library
  owners_cache:
  - workspace:https://github.com/cognovis/library#cognovis-base
  definition_commit: 00c43f828ca3cce7d29e949f44bced59c7e5e121
- name: cognovis-beads
  type: skill
  marketplace: local
  source: https://github.com/cognovis/library-core/blob/main/skills/cognovis-beads/SKILL.md
  source_commit: 5aa05ca2f5a45d09c15fddb73c69201a477579ee
  cache_path: /Users/malte/.local/share/library/skills/local/cognovis-beads@50d0eb0fe01146/
  install_target: .agents/skills/cognovis-beads/
  install_timestamp: '2026-08-14T07:20:42Z'
  checksum_sha256: fec973ddd6982b1dd794eca0d804ed8c75f5a0b6af59dad34cd0bb522649bdde
  checksum_type: directory
  content_sha256: fec973ddd6982b1dd794eca0d804ed8c75f5a0b6af59dad34cd0bb522649bdde
  install_mode: vendor
  license: unknown
  bridge_symlinks:
  - .claude/skills/cognovis-beads -> ../../.agents/skills/cognovis-beads
  scope: project
  catalog_identity: https://github.com/cognovis/library-core
  id: skill:cognovis-beads
  resolved_version: legacy
  verified: true
  adopted: false
  prune_blocked_reason: null
  targets:
  - path: .agents/skills/cognovis-beads
    kind: directory
  - path: .agents/skills/cognovis-beads/SKILL.md
    kind: file
    content_sha256: be3cff9a5e0ccd13c22a212e6c4c3ecbbb06f5c5dd4664f4fa1c11a87f6aa83d
  - path: .agents/skills/cognovis-beads/lib
    kind: directory
  - path: .agents/skills/cognovis-beads/lib/orchestrator
    kind: directory
  - path: .agents/skills/cognovis-beads/lib/orchestrator/README.md
    kind: file
    content_sha256: ea3918263c0c2a49dd6a7f47165bb74af7d748681007083fc34c2cef847eea97
  - path: .agents/skills/cognovis-beads/lib/orchestrator/__init__.py
    kind: file
    content_sha256: 1f1884609468c8b7ef5c79e43a0e3ca029001c2aa6e86e93edcd7dc5ef2db5d2
  - path: .agents/skills/cognovis-beads/lib/orchestrator/aggregate_debriefs.py
    kind: file
    content_sha256: 87c5c891b68ce4deb4dabe7206734a58fe2e57e64323b6924a3248730bdbd970
  - path: .agents/skills/cognovis-beads/lib/orchestrator/backfill_codex.py
    kind: file
    content_sha256: 0effc91493df2e0ecb8b61fb6cbe84e4b8162ccc48274edd03befb0e89d0d9b0
  - path: .agents/skills/cognovis-beads/lib/orchestrator/canonical_metrics_path.py
    kind: file
    content_sha256: 238563c24e6bc7c82f980f1877071f4e38a66295baaf830b02c807abc04ccd98
  - path: .agents/skills/cognovis-beads/lib/orchestrator/claim.py
    kind: file
    content_sha256: 6639b82cfb2de18e6971dc035918758271d4abbed5d50752dcaf27af13c8398a
  - path: .agents/skills/cognovis-beads/lib/orchestrator/gate.py
    kind: file
    content_sha256: fb48b3d89aa787eae52a0cc071c236ecefc8bb3332633363cbce7adf8a0736db
  - path: .agents/skills/cognovis-beads/lib/orchestrator/ingest_ccusage.py
    kind: file
    content_sha256: af232a97ba4dd5f5ae5e491809a00a8c1336f7398986d7b11d12ea6afa5e3b6e
  - path: .agents/skills/cognovis-beads/lib/orchestrator/ingest_codex.py
    kind: file
    content_sha256: 12a6b5f3641cdf929d7247dc121571191fe33b282a5aa52316db0f15c60124dd
  - path: .agents/skills/cognovis-beads/lib/orchestrator/metrics.py
    kind: file
    content_sha256: 19ef58a290109c0359e9895c941e0181d3c12fa1b34c0d46018200cd00d3babf
  - path: .agents/skills/cognovis-beads/lib/orchestrator/parse_debrief.py
    kind: file
    content_sha256: 53b238e824da9ccc34b125028f0dc83e0b98b6a0396e96be26e326f09bf4874b
  - path: .agents/skills/cognovis-beads/lib/orchestrator/tests
    kind: directory
  - path: .agents/skills/cognovis-beads/lib/orchestrator/tests/__init__.py
    kind: file
    content_sha256: e3b0c44298fc1c149afbf4c8996fb92427ae41e4649b934ca495991b7852b855
  - path: .agents/skills/cognovis-beads/lib/orchestrator/tests/test_canonical_metrics_path.py
    kind: file
    content_sha256: e00bb7415ae03855e6e280a9b37808b717aa1ef2abe07531b818e8b1fb3b00e9
  - path: .agents/skills/cognovis-beads/lib/orchestrator/tests/test_claim.py
    kind: file
    content_sha256: 9a9d48e98a6e8df3a2da33caff4ddd355b775d5f4f532395cb16a341fe890d27
  - path: .agents/skills/cognovis-beads/lib/orchestrator/tests/test_parse_debrief.py
    kind: file
    content_sha256: ea09bf87c21331559b4b6273c1974e5a120afccaccf83522555a2ac9fcd36a09
  - path: .agents/skills/cognovis-beads/lib/orchestrator/tests/test_workflow_leaf_logger.py
    kind: file
    content_sha256: c2564ca3d3d9d338fddb19c85f2141f3b7bbb93dbaa47276820a959d59d225ce
  - path: .agents/skills/cognovis-beads/lib/orchestrator/workflow_leaf_logger.py
    kind: file
    content_sha256: bc84674cf6b026404cdf88d491d4edfd11a74267ef11ed5fd2cc382be59fd9b5
  - path: .agents/skills/cognovis-beads/references
    kind: directory
  - path: .agents/skills/cognovis-beads/references/effort-classifier.md
    kind: file
    content_sha256: 239b1a47edf9ca53951585c23f40cf58fecad41ef76dffd9578d7ecfc5b8f1f1
  - path: .agents/skills/cognovis-beads/scripts
    kind: directory
  - path: .agents/skills/cognovis-beads/scripts/adr-context.py
    kind: file
    content_sha256: 682b36b919f50a294bd2265273f1299b7ee20363aa5c9c2fc94f7ba5d4061a32
  - path: .agents/skills/cognovis-beads/scripts/agent_workspace_guard.py
    kind: file
    content_sha256: cb4f768e443de8db361465ccd35f021857f016f3bc09b18071c3abc967c2c51e
  - path: .agents/skills/cognovis-beads/scripts/bd-lint-extension.sh
    kind: file
    content_sha256: 7c8d14a3ce335e66c7a3625c31c0799ba63591948634d00a5e09e23a096dc2f4
  - path: .agents/skills/cognovis-beads/scripts/bd-wrapper
    kind: file
    content_sha256: f4c2185fbbdc8d8936560dc33320cd708841d35875ec57e4d8420b2f9212ecf5
  - path: .agents/skills/cognovis-beads/scripts/bd_lint_contracts.py
    kind: file
    content_sha256: 93f7a00f3bf5bd4a24c065f8acb482471ee8432788cf0318d5bf21bd56a87c8b
  - path: .agents/skills/cognovis-beads/scripts/check-debrief-adherence.py
    kind: file
    content_sha256: 6005a8a432396dbeb3b177e2b72c254edd4295cb6b53fefa9dec0cac701751b6
  - path: .agents/skills/cognovis-beads/scripts/check_live_network_requirement.py
    kind: file
    content_sha256: 9d7bcef0d93ea21fe385e6466155ca320883bc49fc1911cbb09a47bd5abedf24
  - path: .agents/skills/cognovis-beads/scripts/check_quick_fix_eligibility.py
    kind: file
    content_sha256: e9c62303eda050d68240107fc37d021135d06eda8a088d8b1b55908de897da4d
  - path: .agents/skills/cognovis-beads/scripts/claim-bead.py
    kind: file
    content_sha256: e4f2ddeb89a1be34644131ef3a445a62fc75125f74876fecfcdd060bce3163fc
  - path: .agents/skills/cognovis-beads/scripts/classify_effort.py
    kind: file
    content_sha256: 5a0c75656247316b5bfeb2d7c1a9f25e2df75638c7c50422b877cda6d35afa55
  - path: .agents/skills/cognovis-beads/scripts/cognovis-beads.py
    kind: file
    content_sha256: 566d28676cad16c1dc78849a8a9ee494c7abdfc39fc8d9c729df62a5cc5af741
  - path: .agents/skills/cognovis-beads/scripts/context_provider.py
    kind: file
    content_sha256: b8aa132d4d497e69b1e5a32d7037a7c29425ca6baf7a38b891b3d6713b8df61a
  - path: .agents/skills/cognovis-beads/scripts/effort.py
    kind: file
    content_sha256: e4884534b474e2215f57df83b548917aa2819d6966a1c4487a5949f6fe8c2d19
  - path: .agents/skills/cognovis-beads/scripts/install-bd-wrapper.sh
    kind: file
    content_sha256: 4b2318a21e67be9a842268012c697f7f0ecfef60b26fb244fa43cf98c88b1e7e
  - path: .agents/skills/cognovis-beads/scripts/metrics-rollup.py
    kind: file
    content_sha256: f1bdafc874f6dfb2824a29e84608deb2837cf782c96cb255e320250a668a2ebd
  - path: .agents/skills/cognovis-beads/scripts/metrics-start.py
    kind: file
    content_sha256: 88a51ddf7914831e7953a2d045b681f1fbf11c89a65e3cb9a2bcc2353df17cad
  - path: .agents/skills/cognovis-beads/scripts/migrate_metrics_run_id.py
    kind: file
    content_sha256: 815f64d4df6bbbd316db7e0940a80beced62e416e35d5a11ee6e6c47f391e3d8
  - path: .agents/skills/cognovis-beads/scripts/normalize_claim_evidence.py
    kind: file
    content_sha256: 9c85629f82092b13e3a556b34aefd006e5384f34449dbf59549058b1c7e361d5
  - path: .agents/skills/cognovis-beads/scripts/phase14_diff_scope.py
    kind: file
    content_sha256: 8b796bf6613873b7d695bef9f775153827805622cd700dba9eb9a1e526b37244
  - path: .agents/skills/cognovis-beads/scripts/probe-urls.py
    kind: file
    content_sha256: c094fede214b5716e7924cf683550580f3655c5d9309565418cb34800610d2d4
  - path: .agents/skills/cognovis-beads/scripts/prompt_envelope.py
    kind: file
    content_sha256: 7d5b8a54852590c327d8ca950bba4d34674ad4d5a8f22aea813189a42dd18aa8
  - path: .agents/skills/cognovis-beads/scripts/review_quality_signals_runner.py
    kind: file
    content_sha256: de6d659375e67a8d2cb2599f34e0658827e8c9b0a85d3deac6098473bacf91c4
  - path: .agents/skills/cognovis-beads/scripts/tests
    kind: directory
  - path: .agents/skills/cognovis-beads/scripts/tests/test_adhoc_subagent_metrics.py
    kind: file
    content_sha256: 609e98a5f47cae77266aa230f961f940a71540d4b7e273e3ae4b1bc8e12a0ad3
  - path: .agents/skills/cognovis-beads/scripts/tests/test_agent_gateway_wiring.py
    kind: file
    content_sha256: 9f2677891dc67c8eaf7041c3d4c3df166d17b598ac5152a1f48aba82d969d3db
  - path: .agents/skills/cognovis-beads/scripts/tests/test_agent_workspace_guard.py
    kind: file
    content_sha256: 5ce848c1cebcf19938c10082a758f220da817ae97afc781ec8b8c1c6b439b5e6
  - path: .agents/skills/cognovis-beads/scripts/tests/test_bd_lint_contracts.py
    kind: file
    content_sha256: 98fdf81153dfd7a72fdc57155ab6310c7be391046721b4e39d7a414c63d20181
  - path: .agents/skills/cognovis-beads/scripts/tests/test_bd_wrapper.sh
    kind: file
    content_sha256: d626c32fae2ae3a755a2e7e821ae14a11a8e0767fc66888ccc6a614a3ca5eb17
  - path: .agents/skills/cognovis-beads/scripts/tests/test_check_debrief_adherence.py
    kind: file
    content_sha256: 80712997e9a9deacff2efe24f509b6389fb691230ee09dcb7f7a9fafda099f37
  - path: .agents/skills/cognovis-beads/scripts/tests/test_check_live_network_requirement.py
    kind: file
    content_sha256: 85d06417bc2c38610df276a4e2061a8e163ef80afd6fd619b02722521f7ca532
  - path: .agents/skills/cognovis-beads/scripts/tests/test_classify_effort.py
    kind: file
    content_sha256: 1dce61ac6f656361047e0eecc4c86e6af7d9db5c3d715c15ce8f4cccf42fb605
  - path: .agents/skills/cognovis-beads/scripts/tests/test_cognovis_beads.py
    kind: file
    content_sha256: 6b0bf3a4ce4317c1dd061174bccf8241a26b546537190b458f36b6af51737008
  - path: .agents/skills/cognovis-beads/scripts/tests/test_context_provider.py
    kind: file
    content_sha256: 71755f7cedc63c283fc79786768ebd3b04452b3ba45771667b9568859d7f1c20
  - path: .agents/skills/cognovis-beads/scripts/tests/test_effort_py.py
    kind: file
    content_sha256: 2dee6daeb30957973d8d4b21376175da07080f8c4cc52e5e70a1471ec0aa721b
  - path: .agents/skills/cognovis-beads/scripts/tests/test_increment_auto_decisions.py
    kind: file
    content_sha256: 7dd0be4430f7ff5929336703bb1f50f3e14300b308c1f4c29ec90240dba250c0
  - path: .agents/skills/cognovis-beads/scripts/tests/test_metrics_run_api.py
    kind: file
    content_sha256: 8db6dc21614579724bf47de138f54398cae812f4c4d96a65b252fa281a95f21d
  - path: .agents/skills/cognovis-beads/scripts/tests/test_metrics_scripts_py.py
    kind: file
    content_sha256: 1446c6daa74e0ea6e97f04821a849290b220f8de108af8a0c9c1a4a599cfc88b
  - path: .agents/skills/cognovis-beads/scripts/tests/test_pep723_invocations.py
    kind: file
    content_sha256: 2a128616007bf4458a726a22dbcc303d598039e3e4a6e34c636c603fc7b4dc6b
  - path: .agents/skills/cognovis-beads/scripts/tests/test_phase14_diff_scope.py
    kind: file
    content_sha256: d9795ce0649c29c079608ecfa60c4ee7d9a8c1d6de17ef1220e28b8ba372f8b2
  - path: .agents/skills/cognovis-beads/scripts/tests/test_probe_urls.py
    kind: file
    content_sha256: 22e7173458ac2758706d31550715f58f08852dffd4958873216578ed30d8f36f
  - path: .agents/skills/cognovis-beads/scripts/tests/test_prompt_envelope.py
    kind: file
    content_sha256: 1eb2e7b0e9ec33a2feabae77febe56acb7df0ea11740a95385de729e50216698
  - path: .agents/skills/cognovis-beads/scripts/tests/test_retired_p5_pipeline.py
    kind: file
    content_sha256: 4485a5f718646deb5c2139b8fb5a4d334d75a93f1c90413a41aeee5491718441
  - path: .agents/skills/cognovis-beads/scripts/tests/worktree_helpers.py
    kind: file
    content_sha256: e16ec2499921286f7052bf1bfbc6a03325228c6c4de0eabc8786993a5272548c
  - path: .agents/skills/cognovis-beads/scripts/workflow-leaf-logger.py
    kind: file
    content_sha256: c6c06800281281bd0fa4a5cfbd64043ec945559e0cb5d9028043cfd5e2661099
  - path: .agents/skills/cognovis-beads/tests
    kind: directory
  - path: .agents/skills/cognovis-beads/tests/__init__.py
    kind: file
    content_sha256: 01ba4719c80b6fe911b091a7c05124b64eeece964e09c058ef8f9805daca546b
  - path: .claude/skills/cognovis-beads
    kind: symlink
    link_target: ../../.agents/skills/cognovis-beads
  owners_cache:
  - workspace:https://github.com/cognovis/library#cognovis-base
  definition_commit: 5aa05ca2f5a45d09c15fddb73c69201a477579ee
- name: inject-standards
  type: skill
  marketplace: local
  source: https://github.com/cognovis/library-core/blob/main/skills/inject-standards/SKILL.md
  source_commit: 5aa05ca2f5a45d09c15fddb73c69201a477579ee
  cache_path: /Users/malte/.local/share/library/skills/local/inject-standards@50d0eb0fe01146/
  install_target: .agents/skills/inject-standards/
  install_timestamp: '2026-08-14T07:20:42Z'
  checksum_sha256: 6176cbbd9c763205d606eb2517936565b7c417273f98351e86354201d75a6901
  checksum_type: directory
  content_sha256: 6176cbbd9c763205d606eb2517936565b7c417273f98351e86354201d75a6901
  install_mode: vendor
  license: unknown
  bridge_symlinks:
  - .claude/skills/inject-standards -> ../../.agents/skills/inject-standards
  scope: project
  catalog_identity: https://github.com/cognovis/library-core
  id: skill:inject-standards
  resolved_version: legacy
  verified: true
  adopted: false
  prune_blocked_reason: null
  targets:
  - path: .agents/skills/inject-standards
    kind: directory
  - path: .agents/skills/inject-standards/SKILL.md
    kind: file
    content_sha256: 1770739a9f848339f318f96500e10d71fd7bea9ffcce3d3e99cbd4a5174ffae7
  - path: .agents/skills/inject-standards/runner.py
    kind: file
    content_sha256: 5608f47ab9e4be9814294bfcb79ce39c7f89573d7a71601a5c0f9a8bbff89a7f
  - path: .claude/skills/inject-standards
    kind: symlink
    link_target: ../../.agents/skills/inject-standards
  owners_cache:
  - workspace:https://github.com/cognovis/library#cognovis-base
  definition_commit: 5aa05ca2f5a45d09c15fddb73c69201a477579ee
- name: ob-cli
  type: skill
  marketplace: local
  source: https://github.com/cognovis/library-core/blob/main/skills/ob-cli/SKILL.md
  source_commit: 5aa05ca2f5a45d09c15fddb73c69201a477579ee
  cache_path: /Users/malte/.local/share/library/skills/local/ob-cli@50d0eb0fe01146/
  install_target: .agents/skills/ob-cli/
  install_timestamp: '2026-08-14T07:20:42Z'
  checksum_sha256: c8b6c4735cf2479c7619ba7299a6e8c15fc9e87d057cf12190a3a8b9f93e945a
  checksum_type: directory
  content_sha256: c8b6c4735cf2479c7619ba7299a6e8c15fc9e87d057cf12190a3a8b9f93e945a
  install_mode: vendor
  license: unknown
  bridge_symlinks:
  - .claude/skills/ob-cli -> ../../.agents/skills/ob-cli
  scope: project
  catalog_identity: https://github.com/cognovis/library-core
  id: skill:ob-cli
  resolved_version: legacy
  verified: true
  adopted: false
  prune_blocked_reason: null
  targets:
  - path: .agents/skills/ob-cli
    kind: directory
  - path: .agents/skills/ob-cli/SKILL.md
    kind: file
    content_sha256: 6cdb4ab0f51d93c0f0ed68646d426594bdbaf7c3b84d54de775113f4eccbd250
  - path: .claude/skills/ob-cli
    kind: symlink
    link_target: ../../.agents/skills/ob-cli
  owners_cache:
  - workspace:https://github.com/cognovis/library#cognovis-base
  definition_commit: 5aa05ca2f5a45d09c15fddb73c69201a477579ee
prerequisites: []
installed:
- name: library
  type: skill
  marketplace: local
  source: https://github.com/cognovis/library/blob/main/SKILL.md
  source_commit: 00c43f828ca3cce7d29e949f44bced59c7e5e121
  cache_path: /Users/malte/.local/share/library/skills/local/library@50d0eb0fe01146/
  install_target: .agents/skills/library/
  install_timestamp: '2026-08-14T07:20:42Z'
  checksum_sha256: b1b706e801350b8c1b10fe10aeab0e2ebf328fc70a5ebb499db173fd22ee7f12
  checksum_type: directory
  content_sha256: b1b706e801350b8c1b10fe10aeab0e2ebf328fc70a5ebb499db173fd22ee7f12
  install_mode: vendor
  license: unknown
  bridge_symlinks:
  - .claude/skills/library -> ../../.agents/skills/library
  scope: project
  catalog_identity: https://github.com/cognovis/library
- name: cognovis-beads
  type: skill
  marketplace: local
  source: https://github.com/cognovis/library-core/blob/main/skills/cognovis-beads/SKILL.md
  source_commit: 5aa05ca2f5a45d09c15fddb73c69201a477579ee
  cache_path: /Users/malte/.local/share/library/skills/local/cognovis-beads@50d0eb0fe01146/
  install_target: .agents/skills/cognovis-beads/
  install_timestamp: '2026-08-14T07:20:42Z'
  checksum_sha256: fec973ddd6982b1dd794eca0d804ed8c75f5a0b6af59dad34cd0bb522649bdde
  checksum_type: directory
  content_sha256: fec973ddd6982b1dd794eca0d804ed8c75f5a0b6af59dad34cd0bb522649bdde
  install_mode: vendor
  license: unknown
  bridge_symlinks:
  - .claude/skills/cognovis-beads -> ../../.agents/skills/cognovis-beads
  scope: project
  catalog_identity: https://github.com/cognovis/library-core
- name: inject-standards
  type: skill
  marketplace: local
  source: https://github.com/cognovis/library-core/blob/main/skills/inject-standards/SKILL.md
  source_commit: 5aa05ca2f5a45d09c15fddb73c69201a477579ee
  cache_path: /Users/malte/.local/share/library/skills/local/inject-standards@50d0eb0fe01146/
  install_target: .agents/skills/inject-standards/
  install_timestamp: '2026-08-14T07:20:42Z'
  checksum_sha256: 6176cbbd9c763205d606eb2517936565b7c417273f98351e86354201d75a6901
  checksum_type: directory
  content_sha256: 6176cbbd9c763205d606eb2517936565b7c417273f98351e86354201d75a6901
  install_mode: vendor
  license: unknown
  bridge_symlinks:
  - .claude/skills/inject-standards -> ../../.agents/skills/inject-standards
  scope: project
  catalog_identity: https://github.com/cognovis/library-core
- name: ob-cli
  type: skill
  marketplace: local
  source: https://github.com/cognovis/library-core/blob/main/skills/ob-cli/SKILL.md
  source_commit: 5aa05ca2f5a45d09c15fddb73c69201a477579ee
  cache_path: /Users/malte/.local/share/library/skills/local/ob-cli@50d0eb0fe01146/
  install_target: .agents/skills/ob-cli/
  install_timestamp: '2026-08-14T07:20:42Z'
  checksum_sha256: c8b6c4735cf2479c7619ba7299a6e8c15fc9e87d057cf12190a3a8b9f93e945a
  checksum_type: directory
  content_sha256: c8b6c4735cf2479c7619ba7299a6e8c15fc9e87d057cf12190a3a8b9f93e945a
  install_mode: vendor
  license: unknown
  bridge_symlinks:
  - .claude/skills/ob-cli -> ../../.agents/skills/ob-cli
  scope: project
  catalog_identity: https://github.com/cognovis/library-core
